
Microsoft Visual Studio Solution File, Format Version 12.00
# Visual Studio Version 16
VisualStudioVersion = 16.0.30114.105
MinimumVisualStudioVersion = 10.0.40219.1
Project("{9A19103F-16F7-4668-BE54-9A1E7A4F7556}") = "Demo.CommandHandlers", "src\Demo.CommandHandlers\Demo.CommandHandlers.csproj", "{C2626E8E-A980-46FE-842D-05DA5C0D8BE6}"
EndProject
Project("{9A19103F-16F7-4668-BE54-9A1E7A4F7556}") = "Demo.Commands", "src\Demo.Commands\Demo.Commands.csproj", "{59F087A6-839C-44E6-856C-A5364C9BD0B4}"
EndProject
Project("{9A19103F-16F7-4668-BE54-9A1E7A4F7556}") = "Demo.Common", "src\Demo.Common\Demo.Common.csproj", "{70D6D24E-2AF9-4ED8-93BB-A1E224691A99}"
EndProject
Project("{9A19103F-16F7-4668-BE54-9A1E7A4F7556}") = "Demo.Domain", "src\Demo.Domain\Demo.Domain.csproj", "{C3FF24C6-1B9C-421E-8451-6D815ABED194}"
EndProject
Project("{9A19103F-16F7-4668-BE54-9A1E7A4F7556}") = "Demo.Public.Api", "src\Demo.Public.Api\Demo.Public.Api.csproj", "{6B5DB037-EBFF-4934-BB20-C80683A2B920}"
EndProject
Project("{9A19103F-16F7-4668-BE54-9A1E7A4F7556}") = "Demo.Queries", "src\Demo.Queries\Demo.Queries.csproj", "{526FAE78-D5F6-4D5B-98DE-0CBC89649044}"
EndProject
Project("{9A19103F-16F7-4668-BE54-9A1E7A4F7556}") = "Demo.QueryHandlers", "src\Demo.QueryHandlers\Demo.QueryHandlers.csproj", "{29D5E8D7-7C97-466E-8C2E-CC34A4218510}"
EndProject
Project("{9A19103F-16F7-4668-BE54-9A1E7A4F7556}") = "Demo.ReadModels.Api", "src\Demo.ReadModels.Api\Demo.ReadModels.Api.csproj", "{FBA7F6F4-4B99-4432-B8A6-FE37E9636833}"
EndProject
Project("{9A19103F-16F7-4668-BE54-9A1E7A4F7556}") = "Demo.WriteModels.Api", "src\Demo.WriteModels.Api\Demo.WriteModels.Api.csproj", "{E1CB4164-C7B6-4A44-92F6-3B0E0DCF0B80}"
EndProject
Project("{2150E333-8FDC-42A3-9474-1A3956D46DE8}") = "Solution Items", "Solution Items", "{E65C8368-6AA6-430A-A53F-4E55D95D9647}"
	ProjectSection(SolutionItems) = preProject
		.editorconfig = .editorconfig
	EndProjectSection
EndProject
Project("{E53339B2-1760-4266-BCC7-CA923CBCF16C}") = "docker-compose", "docker-compose.dcproj", "{6863D8E0-C3D6-4D94-BCA7-188CF11DD019}"
EndProject
Project("{9A19103F-16F7-4668-BE54-9A1E7A4F7556}") = "Demo.Events", "src\Demo.Events\Demo.Events.csproj", "{F9B74003-39E9-48BC-9258-784A233D523C}"
EndProject
Project("{9A19103F-16F7-4668-BE54-9A1E7A4F7556}") = "Demo.Extensions.NServiceBus", "src\Demo.Extensions.NServiceBus\Demo.Extensions.NServiceBus.csproj", "{449C7B7B-D58F-4B6D-8B5E-9E358615E5C3}"
EndProject
Project("{9A19103F-16F7-4668-BE54-9A1E7A4F7556}") = "Demo.RedisDb", "src\Demo.RedisDb\Demo.RedisDb.csproj", "{6F4A6A46-F29A-4CB7-882D-B3913C705679}"
EndProject
Project("{9A19103F-16F7-4668-BE54-9A1E7A4F7556}") = "Demo.CosmosDb", "src\Demo.CosmosDb\Demo.CosmosDb.csproj", "{F361D8F3-6B12-4BC3-9D61-D24B2E66C812}"
EndProject
Global
	GlobalSection(SolutionConfigurationPlatforms) = preSolution
		Debug|Any CPU = Debug|Any CPU
		Debug|x64 = Debug|x64
		Debug|x86 = Debug|x86
		Release|Any CPU = Release|Any CPU
		Release|x64 = Release|x64
		Release|x86 = Release|x86
	EndGlobalSection
	GlobalSection(ProjectConfigurationPlatforms) = postSolution
		{C2626E8E-A980-46FE-842D-05DA5C0D8BE6}.Debug|Any CPU.ActiveCfg = Debug|Any CPU
		{C2626E8E-A980-46FE-842D-05DA5C0D8BE6}.Debug|Any CPU.Build.0 = Debug|Any CPU
		{C2626E8E-A980-46FE-842D-05DA5C0D8BE6}.Debug|x64.ActiveCfg = Debug|Any CPU
		{C2626E8E-A980-46FE-842D-05DA5C0D8BE6}.Debug|x64.Build.0 = Debug|Any CPU
		{C2626E8E-A980-46FE-842D-05DA5C0D8BE6}.Debug|x86.ActiveCfg = Debug|Any CPU
		{C2626E8E-A980-46FE-842D-05DA5C0D8BE6}.Debug|x86.Build.0 = Debug|Any CPU
		{C2626E8E-A980-46FE-842D-05DA5C0D8BE6}.Release|Any CPU.ActiveCfg = Release|Any CPU
		{C2626E8E-A980-46FE-842D-05DA5C0D8BE6}.Release|Any CPU.Build.0 = Release|Any CPU
		{C2626E8E-A980-46FE-842D-05DA5C0D8BE6}.Release|x64.ActiveCfg = Release|Any CPU
		{C2626E8E-A980-46FE-842D-05DA5C0D8BE6}.Release|x64.Build.0 = Release|Any CPU
		{C2626E8E-A980-46FE-842D-05DA5C0D8BE6}.Release|x86.ActiveCfg = Release|Any CPU
		{C2626E8E-A980-46FE-842D-05DA5C0D8BE6}.Release|x86.Build.0 = Release|Any CPU
		{59F087A6-839C-44E6-856C-A5364C9BD0B4}.Debug|Any CPU.ActiveCfg = Debug|Any CPU
		{59F087A6-839C-44E6-856C-A5364C9BD0B4}.Debug|Any CPU.Build.0 = Debug|Any CPU
		{59F087A6-839C-44E6-856C-A5364C9BD0B4}.Debug|x64.ActiveCfg = Debug|Any CPU
		{59F087A6-839C-44E6-856C-A5364C9BD0B4}.Debug|x64.Build.0 = Debug|Any CPU
		{59F087A6-839C-44E6-856C-A5364C9BD0B4}.Debug|x86.ActiveCfg = Debug|Any CPU
		{59F087A6-839C-44E6-856C-A5364C9BD0B4}.Debug|x86.Build.0 = Debug|Any CPU
		{59F087A6-839C-44E6-856C-A5364C9BD0B4}.Release|Any CPU.ActiveCfg = Release|Any CPU
		{59F087A6-839C-44E6-856C-A5364C9BD0B4}.Release|Any CPU.Build.0 = Release|Any CPU
		{59F087A6-839C-44E6-856C-A5364C9BD0B4}.Release|x64.ActiveCfg = Release|Any CPU
		{59F087A6-839C-44E6-856C-A5364C9BD0B4}.Release|x64.Build.0 = Release|Any CPU
		{59F087A6-839C-44E6-856C-A5364C9BD0B4}.Release|x86.ActiveCfg = Release|Any CPU
		{59F087A6-839C-44E6-856C-A5364C9BD0B4}.Release|x86.Build.0 = Release|Any CPU
		{70D6D24E-2AF9-4ED8-93BB-A1E224691A99}.Debug|Any CPU.ActiveCfg = Debug|Any CPU
		{70D6D24E-2AF9-4ED8-93BB-A1E224691A99}.Debug|Any CPU.Build.0 = Debug|Any CPU
		{70D6D24E-2AF9-4ED8-93BB-A1E224691A99}.Debug|x64.ActiveCfg = Debug|Any CPU
		{70D6D24E-2AF9-4ED8-93BB-A1E224691A99}.Debug|x64.Build.0 = Debug|Any CPU
		{70D6D24E-2AF9-4ED8-93BB-A1E224691A99}.Debug|x86.ActiveCfg = Debug|Any CPU
		{70D6D24E-2AF9-4ED8-93BB-A1E224691A99}.Debug|x86.Build.0 = Debug|Any CPU
		{70D6D24E-2AF9-4ED8-93BB-A1E224691A99}.Release|Any CPU.ActiveCfg = Release|Any CPU
		{70D6D24E-2AF9-4ED8-93BB-A1E224691A99}.Release|Any CPU.Build.0 = Release|Any CPU
		{70D6D24E-2AF9-4ED8-93BB-A1E224691A99}.Release|x64.ActiveCfg = Release|Any CPU
		{70D6D24E-2AF9-4ED8-93BB-A1E224691A99}.Release|x64.Build.0 = Release|Any CPU
		{70D6D24E-2AF9-4ED8-93BB-A1E224691A99}.Release|x86.ActiveCfg = Release|Any CPU
		{70D6D24E-2AF9-4ED8-93BB-A1E224691A99}.Release|x86.Build.0 = Release|Any CPU
		{C3FF24C6-1B9C-421E-8451-6D815ABED194}.Debug|Any CPU.ActiveCfg = Debug|Any CPU
		{C3FF24C6-1B9C-421E-8451-6D815ABED194}.Debug|Any CPU.Build.0 = Debug|Any CPU
		{C3FF24C6-1B9C-421E-8451-6D815ABED194}.Debug|x64.ActiveCfg = Debug|Any CPU
		{C3FF24C6-1B9C-421E-8451-6D815ABED194}.Debug|x64.Build.0 = Debug|Any CPU
		{C3FF24C6-1B9C-421E-8451-6D815ABED194}.Debug|x86.ActiveCfg = Debug|Any CPU
		{C3FF24C6-1B9C-421E-8451-6D815ABED194}.Debug|x86.Build.0 = Debug|Any CPU
		{C3FF24C6-1B9C-421E-8451-6D815ABED194}.Release|Any CPU.ActiveCfg = Release|Any CPU
		{C3FF24C6-1B9C-421E-8451-6D815ABED194}.Release|Any CPU.Build.0 = Release|Any CPU
		{C3FF24C6-1B9C-421E-8451-6D815ABED194}.Release|x64.ActiveCfg = Release|Any CPU
		{C3FF24C6-1B9C-421E-8451-6D815ABED194}.Release|x64.Build.0 = Release|Any CPU
		{C3FF24C6-1B9C-421E-8451-6D815ABED194}.Release|x86.ActiveCfg = Release|Any CPU
		{C3FF24C6-1B9C-421E-8451-6D815ABED194}.Release|x86.Build.0 = Release|Any CPU
		{6B5DB037-EBFF-4934-BB20-C80683A2B920}.Debug|Any CPU.ActiveCfg = Debug|Any CPU
		{6B5DB037-EBFF-4934-BB20-C80683A2B920}.Debug|Any CPU.Build.0 = Debug|Any CPU
		{6B5DB037-EBFF-4934-BB20-C80683A2B920}.Debug|x64.ActiveCfg = Debug|Any CPU
		{6B5DB037-EBFF-4934-BB20-C80683A2B920}.Debug|x64.Build.0 = Debug|Any CPU
		{6B5DB037-EBFF-4934-BB20-C80683A2B920}.Debug|x86.ActiveCfg = Debug|Any CPU
		{6B5DB037-EBFF-4934-BB20-C80683A2B920}.Debug|x86.Build.0 = Debug|Any CPU
		{6B5DB037-EBFF-4934-BB20-C80683A2B920}.Release|Any CPU.ActiveCfg = Release|Any CPU
		{6B5DB037-EBFF-4934-BB20-C80683A2B920}.Release|Any CPU.Build.0 = Release|Any CPU
		{6B5DB037-EBFF-4934-BB20-C80683A2B920}.Release|x64.ActiveCfg = Release|Any CPU
		{6B5DB037-EBFF-4934-BB20-C80683A2B920}.Release|x64.Build.0 = Release|Any CPU
		{6B5DB037-EBFF-4934-BB20-C80683A2B920}.Release|x86.ActiveCfg = Release|Any CPU
		{6B5DB037-EBFF-4934-BB20-C80683A2B920}.Release|x86.Build.0 = Release|Any CPU
		{526FAE78-D5F6-4D5B-98DE-0CBC89649044}.Debug|Any CPU.ActiveCfg = Debug|Any CPU
		{526FAE78-D5F6-4D5B-98DE-0CBC89649044}.Debug|Any CPU.Build.0 = Debug|Any CPU
		{526FAE78-D5F6-4D5B-98DE-0CBC89649044}.Debug|x64.ActiveCfg = Debug|Any CPU
		{526FAE78-D5F6-4D5B-98DE-0CBC89649044}.Debug|x64.Build.0 = Debug|Any CPU
		{526FAE78-D5F6-4D5B-98DE-0CBC89649044}.Debug|x86.ActiveCfg = Debug|Any CPU
		{526FAE78-D5F6-4D5B-98DE-0CBC89649044}.Debug|x86.Build.0 = Debug|Any CPU
		{526FAE78-D5F6-4D5B-98DE-0CBC89649044}.Release|Any CPU.ActiveCfg = Release|Any CPU
		{526FAE78-D5F6-4D5B-98DE-0CBC89649044}.Release|Any CPU.Build.0 = Release|Any CPU
		{526FAE78-D5F6-4D5B-98DE-0CBC89649044}.Release|x64.ActiveCfg = Release|Any CPU
		{526FAE78-D5F6-4D5B-98DE-0CBC89649044}.Release|x64.Build.0 = Release|Any CPU
		{526FAE78-D5F6-4D5B-98DE-0CBC89649044}.Release|x86.ActiveCfg = Release|Any CPU
		{526FAE78-D5F6-4D5B-98DE-0CBC89649044}.Release|x86.Build.0 = Release|Any CPU
		{29D5E8D7-7C97-466E-8C2E-CC34A4218510}.Debug|Any CPU.ActiveCfg = Debug|Any CPU
		{29D5E8D7-7C97-466E-8C2E-CC34A4218510}.Debug|Any CPU.Build.0 = Debug|Any CPU
		{29D5E8D7-7C97-466E-8C2E-CC34A4218510}.Debug|x64.ActiveCfg = Debug|Any CPU
		{29D5E8D7-7C97-466E-8C2E-CC34A4218510}.Debug|x64.Build.0 = Debug|Any CPU
		{29D5E8D7-7C97-466E-8C2E-CC34A4218510}.Debug|x86.ActiveCfg = Debug|Any CPU
		{29D5E8D7-7C97-466E-8C2E-CC34A4218510}.Debug|x86.Build.0 = Debug|Any CPU
		{29D5E8D7-7C97-466E-8C2E-CC34A4218510}.Release|Any CPU.ActiveCfg = Release|Any CPU
		{29D5E8D7-7C97-466E-8C2E-CC34A4218510}.Release|Any CPU.Build.0 = Release|Any CPU
		{29D5E8D7-7C97-466E-8C2E-CC34A4218510}.Release|x64.ActiveCfg = Release|Any CPU
		{29D5E8D7-7C97-466E-8C2E-CC34A4218510}.Release|x64.Build.0 = Release|Any CPU
		{29D5E8D7-7C97-466E-8C2E-CC34A4218510}.Release|x86.ActiveCfg = Release|Any CPU
		{29D5E8D7-7C97-466E-8C2E-CC34A4218510}.Release|x86.Build.0 = Release|Any CPU
		{FBA7F6F4-4B99-4432-B8A6-FE37E9636833}.Debug|Any CPU.ActiveCfg = Debug|Any CPU
		{FBA7F6F4-4B99-4432-B8A6-FE37E9636833}.Debug|Any CPU.Build.0 = Debug|Any CPU
		{FBA7F6F4-4B99-4432-B8A6-FE37E9636833}.Debug|x64.ActiveCfg = Debug|Any CPU
		{FBA7F6F4-4B99-4432-B8A6-FE37E9636833}.Debug|x64.Build.0 = Debug|Any CPU
		{FBA7F6F4-4B99-4432-B8A6-FE37E9636833}.Debug|x86.ActiveCfg = Debug|Any CPU
		{FBA7F6F4-4B99-4432-B8A6-FE37E9636833}.Debug|x86.Build.0 = Debug|Any CPU
		{FBA7F6F4-4B99-4432-B8A6-FE37E9636833}.Release|Any CPU.ActiveCfg = Release|Any CPU
		{FBA7F6F4-4B99-4432-B8A6-FE37E9636833}.Release|Any CPU.Build.0 = Release|Any CPU
		{FBA7F6F4-4B99-4432-B8A6-FE37E9636833}.Release|x64.ActiveCfg = Release|Any CPU
		{FBA7F6F4-4B99-4432-B8A6-FE37E9636833}.Release|x64.Build.0 = Release|Any CPU
		{FBA7F6F4-4B99-4432-B8A6-FE37E9636833}.Release|x86.ActiveCfg = Release|Any CPU
		{FBA7F6F4-4B99-4432-B8A6-FE37E9636833}.Release|x86.Build.0 = Release|Any CPU
		{E1CB4164-C7B6-4A44-92F6-3B0E0DCF0B80}.Debug|Any CPU.ActiveCfg = Debug|Any CPU
		{E1CB4164-C7B6-4A44-92F6-3B0E0DCF0B80}.Debug|Any CPU.Build.0 = Debug|Any CPU
		{E1CB4164-C7B6-4A44-92F6-3B0E0DCF0B80}.Debug|x64.ActiveCfg = Debug|Any CPU
		{E1CB4164-C7B6-4A44-92F6-3B0E0DCF0B80}.Debug|x64.Build.0 = Debug|Any CPU
		{E1CB4164-C7B6-4A44-92F6-3B0E0DCF0B80}.Debug|x86.ActiveCfg = Debug|Any CPU
		{E1CB4164-C7B6-4A44-92F6-3B0E0DCF0B80}.Debug|x86.Build.0 = Debug|Any CPU
		{E1CB4164-C7B6-4A44-92F6-3B0E0DCF0B80}.Release|Any CPU.ActiveCfg = Release|Any CPU
		{E1CB4164-C7B6-4A44-92F6-3B0E0DCF0B80}.Release|Any CPU.Build.0 = Release|Any CPU
		{E1CB4164-C7B6-4A44-92F6-3B0E0DCF0B80}.Release|x64.ActiveCfg = Release|Any CPU
		{E1CB4164-C7B6-4A44-92F6-3B0E0DCF0B80}.Release|x64.Build.0 = Release|Any CPU
		{E1CB4164-C7B6-4A44-92F6-3B0E0DCF0B80}.Release|x86.ActiveCfg = Release|Any CPU
		{E1CB4164-C7B6-4A44-92F6-3B0E0DCF0B80}.Release|x86.Build.0 = Release|Any CPU
		{6863D8E0-C3D6-4D94-BCA7-188CF11DD019}.Debug|Any CPU.ActiveCfg = Debug|Any CPU
		{6863D8E0-C3D6-4D94-BCA7-188CF11DD019}.Debug|Any CPU.Build.0 = Debug|Any CPU
		{6863D8E0-C3D6-4D94-BCA7-188CF11DD019}.Debug|x64.ActiveCfg = Debug|Any CPU
		{6863D8E0-C3D6-4D94-BCA7-188CF11DD019}.Debug|x64.Build.0 = Debug|Any CPU
		{6863D8E0-C3D6-4D94-BCA7-188CF11DD019}.Debug|x86.ActiveCfg = Debug|Any CPU
		{6863D8E0-C3D6-4D94-BCA7-188CF11DD019}.Debug|x86.Build.0 = Debug|Any CPU
		{6863D8E0-C3D6-4D94-BCA7-188CF11DD019}.Release|Any CPU.ActiveCfg = Release|Any CPU
		{6863D8E0-C3D6-4D94-BCA7-188CF11DD019}.Release|Any CPU.Build.0 = Release|Any CPU
		{6863D8E0-C3D6-4D94-BCA7-188CF11DD019}.Release|x64.ActiveCfg = Release|Any CPU
		{6863D8E0-C3D6-4D94-BCA7-188CF11DD019}.Release|x64.Build.0 = Release|Any CPU
		{6863D8E0-C3D6-4D94-BCA7-188CF11DD019}.Release|x86.ActiveCfg = Release|Any CPU
		{6863D8E0-C3D6-4D94-BCA7-188CF11DD019}.Release|x86.Build.0 = Release|Any CPU
		{F9B74003-39E9-48BC-9258-784A233D523C}.Debug|Any CPU.ActiveCfg = Debug|Any CPU
		{F9B74003-39E9-48BC-9258-784A233D523C}.Debug|Any CPU.Build.0 = Debug|Any CPU
		{F9B74003-39E9-48BC-9258-784A233D523C}.Debug|x64.ActiveCfg = Debug|Any CPU
		{F9B74003-39E9-48BC-9258-784A233D523C}.Debug|x64.Build.0 = Debug|Any CPU
		{F9B74003-39E9-48BC-9258-784A233D523C}.Debug|x86.ActiveCfg = Debug|Any CPU
		{F9B74003-39E9-48BC-9258-784A233D523C}.Debug|x86.Build.0 = Debug|Any CPU
		{F9B74003-39E9-48BC-9258-784A233D523C}.Release|Any CPU.ActiveCfg = Release|Any CPU
		{F9B74003-39E9-48BC-9258-784A233D523C}.Release|Any CPU.Build.0 = Release|Any CPU
		{F9B74003-39E9-48BC-9258-784A233D523C}.Release|x64.ActiveCfg = Release|Any CPU
		{F9B74003-39E9-48BC-9258-784A233D523C}.Release|x64.Build.0 = Release|Any CPU
		{F9B74003-39E9-48BC-9258-784A233D523C}.Release|x86.ActiveCfg = Release|Any CPU
		{F9B74003-39E9-48BC-9258-784A233D523C}.Release|x86.Build.0 = Release|Any CPU
		{449C7B7B-D58F-4B6D-8B5E-9E358615E5C3}.Debug|Any CPU.ActiveCfg = Debug|Any CPU
		{449C7B7B-D58F-4B6D-8B5E-9E358615E5C3}.Debug|Any CPU.Build.0 = Debug|Any CPU
		{449C7B7B-D58F-4B6D-8B5E-9E358615E5C3}.Debug|x64.ActiveCfg = Debug|Any CPU
		{449C7B7B-D58F-4B6D-8B5E-9E358615E5C3}.Debug|x64.Build.0 = Debug|Any CPU
		{449C7B7B-D58F-4B6D-8B5E-9E358615E5C3}.Debug|x86.ActiveCfg = Debug|Any CPU
		{449C7B7B-D58F-4B6D-8B5E-9E358615E5C3}.Debug|x86.Build.0 = Debug|Any CPU
		{449C7B7B-D58F-4B6D-8B5E-9E358615E5C3}.Release|Any CPU.ActiveCfg = Release|Any CPU
		{449C7B7B-D58F-4B6D-8B5E-9E358615E5C3}.Release|Any CPU.Build.0 = Release|Any CPU
		{449C7B7B-D58F-4B6D-8B5E-9E358615E5C3}.Release|x64.ActiveCfg = Release|Any CPU
		{449C7B7B-D58F-4B6D-8B5E-9E358615E5C3}.Release|x64.Build.0 = Release|Any CPU
		{449C7B7B-D58F-4B6D-8B5E-9E358615E5C3}.Release|x86.ActiveCfg = Release|Any CPU
		{449C7B7B-D58F-4B6D-8B5E-9E358615E5C3}.Release|x86.Build.0 = Release|Any CPU
		{6F4A6A46-F29A-4CB7-882D-B3913C705679}.Debug|Any CPU.ActiveCfg = Debug|Any CPU
		{6F4A6A46-F29A-4CB7-882D-B3913C705679}.Debug|Any CPU.Build.0 = Debug|Any CPU
		{6F4A6A46-F29A-4CB7-882D-B3913C705679}.Debug|x64.ActiveCfg = Debug|Any CPU
		{6F4A6A46-F29A-4CB7-882D-B3913C705679}.Debug|x64.Build.0 = Debug|Any CPU
		{6F4A6A46-F29A-4CB7-882D-B3913C705679}.Debug|x86.ActiveCfg = Debug|Any CPU
		{6F4A6A46-F29A-4CB7-882D-B3913C705679}.Debug|x86.Build.0 = Debug|Any CPU
		{6F4A6A46-F29A-4CB7-882D-B3913C705679}.Release|Any CPU.ActiveCfg = Release|Any CPU
		{6F4A6A46-F29A-4CB7-882D-B3913C705679}.Release|Any CPU.Build.0 = Release|Any CPU
		{6F4A6A46-F29A-4CB7-882D-B3913C705679}.Release|x64.ActiveCfg = Release|Any CPU
		{6F4A6A46-F29A-4CB7-882D-B3913C705679}.Release|x64.Build.0 = Release|Any CPU
		{6F4A6A46-F29A-4CB7-882D-B3913C705679}.Release|x86.ActiveCfg = Release|Any CPU
		{6F4A6A46-F29A-4CB7-882D-B3913C705679}.Release|x86.Build.0 = Release|Any CPU
		{F361D8F3-6B12-4BC3-9D61-D24B2E66C812}.Debug|Any CPU.ActiveCfg = Debug|Any CPU
		{F361D8F3-6B12-4BC3-9D61-D24B2E66C812}.Debug|Any CPU.Build.0 = Debug|Any CPU
		{F361D8F3-6B12-4BC3-9D61-D24B2E66C812}.Debug|x64.ActiveCfg = Debug|Any CPU
		{F361D8F3-6B12-4BC3-9D61-D24B2E66C812}.Debug|x64.Build.0 = Debug|Any CPU
		{F361D8F3-6B12-4BC3-9D61-D24B2E66C812}.Debug|x86.ActiveCfg = Debug|Any CPU
		{F361D8F3-6B12-4BC3-9D61-D24B2E66C812}.Debug|x86.Build.0 = Debug|Any CPU
		{F361D8F3-6B12-4BC3-9D61-D24B2E66C812}.Release|Any CPU.ActiveCfg = Release|Any CPU
		{F361D8F3-6B12-4BC3-9D61-D24B2E66C812}.Release|Any CPU.Build.0 = Release|Any CPU
		{F361D8F3-6B12-4BC3-9D61-D24B2E66C812}.Release|x64.ActiveCfg = Release|Any CPU
		{F361D8F3-6B12-4BC3-9D61-D24B2E66C812}.Release|x64.Build.0 = Release|Any CPU
		{F361D8F3-6B12-4BC3-9D61-D24B2E66C812}.Release|x86.ActiveCfg = Release|Any CPU
		{F361D8F3-6B12-4BC3-9D61-D24B2E66C812}.Release|x86.Build.0 = Release|Any CPU
	EndGlobalSection
	GlobalSection(SolutionProperties) = preSolution
		HideSolutionNode = FALSE
	EndGlobalSection
	GlobalSection(ExtensibilityGlobals) = postSolution
		SolutionGuid = {F0843559-6CBA-4C01-8323-BD4D14ACAF87}
	EndGlobalSection
EndGlobal
